// !$*UTF8*$!
{
	archiveVersion = 1;
	classes = {
	};
	objectVersion = 46;
	objects = {

/* Begin PBXBuildFile section */
		36822E0711ABEB28BA436630 /* Pods_Baygazine.framework in Frameworks */ = {isa = PBXBuildFile; fileRef = F66A2766D4FEFF8076211B07 /* Pods_Baygazine.framework */; settings = {ATTRIBUTES = (Weak, ); }; };
		8574372E1B5DA64300044811 /* SidebarViewController.swift in Sources */ = {isa = PBXBuildFile; fileRef = 8574372D1B5DA64300044811 /* SidebarViewController.swift */; };
		857437321B5DB29800044811 /* MenuViewController.swift in Sources */ = {isa = PBXBuildFile; fileRef = 857437311B5DB29800044811 /* MenuViewController.swift */; };
		857437341B5DB40F00044811 /* BayazineExtensions.swift in Sources */ = {isa = PBXBuildFile; fileRef = 857437331B5DB40F00044811 /* BayazineExtensions.swift */; };
		857437381B5DB59D00044811 /* LifeStyleNewsListViewController.swift in Sources */ = {isa = PBXBuildFile; fileRef = 857437371B5DB59D00044811 /* LifeStyleNewsListViewController.swift */; };
		8574373A1B5DBA6900044811 /* MenuCell.swift in Sources */ = {isa = PBXBuildFile; fileRef = 857437391B5DBA6900044811 /* MenuCell.swift */; };
		8574373C1B5DBA7700044811 /* MenuCell.xib in Resources */ = {isa = PBXBuildFile; fileRef = 8574373B1B5DBA7700044811 /* MenuCell.xib */; };
		8574376F1B5EC25600044811 /* Post.swift in Sources */ = {isa = PBXBuildFile; fileRef = 8574376E1B5EC25600044811 /* Post.swift */; };
		857437711B5ECAE300044811 /* Attachment.swift in Sources */ = {isa = PBXBuildFile; fileRef = 857437701B5ECAE300044811 /* Attachment.swift */; };
		857437731B5ECB1800044811 /* Author.swift in Sources */ = {isa = PBXBuildFile; fileRef = 857437721B5ECB1800044811 /* Author.swift */; };
		857437771B5EDBCB00044811 /* GradientView.swift in Sources */ = {isa = PBXBuildFile; fileRef = 857437761B5EDBCB00044811 /* GradientView.swift */; };
		857437791B5EDC1300044811 /* PostCell.swift in Sources */ = {isa = PBXBuildFile; fileRef = 857437781B5EDC1300044811 /* PostCell.swift */; };
		8574377B1B5EDD0400044811 /* PostCell.xib in Resources */ = {isa = PBXBuildFile; fileRef = 8574377A1B5EDD0400044811 /* PostCell.xib */; };
		857437821B5F058300044811 /* PostDetailViewController.swift in Sources */ = {isa = PBXBuildFile; fileRef = 857437811B5F058300044811 /* PostDetailViewController.swift */; };
		85E774051B5B40C7002CEB0E /* AppDelegate.swift in Sources */ = {isa = PBXBuildFile; fileRef = 85E774041B5B40C7002CEB0E /* AppDelegate.swift */; };
		85E7740A1B5B40C7002CEB0E /* Main.storyboard in Resources */ = {isa = PBXBuildFile; fileRef = 85E774081B5B40C7002CEB0E /* Main.storyboard */; };
		85E7740C1B5B40C7002CEB0E /* Images.xcassets in Resources */ = {isa = PBXBuildFile; fileRef = 85E7740B1B5B40C7002CEB0E /* Images.xcassets */; };
		85E7740F1B5B40C7002CEB0E /* LaunchScreen.xib in Resources */ = {isa = PBXBuildFile; fileRef = 85E7740D1B5B40C7002CEB0E /* LaunchScreen.xib */; };
		85E7741B1B5B40C7002CEB0E /* BaygazineTests.swift in Sources */ = {isa = PBXBuildFile; fileRef = 85E7741A1B5B40C7002CEB0E /* BaygazineTests.swift */; };
/* End PBXBuildFile section */

/* Begin PBXContainerItemProxy section */
		85E774151B5B40C7002CEB0E /* PBXContainerItemProxy */ = {
			isa = PBXContainerItemProxy;
			containerPortal = 85E773F71B5B40C7002CEB0E /* Project object */;
			proxyType = 1;
			remoteGlobalIDString = 85E773FE1B5B40C7002CEB0E;
			remoteInfo = Baygazine;
		};
/* End PBXContainerItemProxy section */

/* Begin PBXFileReference section */
		4A59A422B96A2F047B8F1A18 /* Pods-Baygazine.debug.xcconfig */ = {isa = PBXFileReference; includeInIndex = 1; lastKnownFileType = text.xcconfig; name = "Pods-Baygazine.debug.xcconfig"; path = "Pods/Target Support Files/Pods-Baygazine/Pods-Baygazine.debug.xcconfig"; sourceTree = "<group>"; };
		8574372D1B5DA64300044811 /* SidebarViewController.swift */ = {isa = PBXFileReference; fileEncoding = 4; lastKnownFileType = sourcecode.swift; path = SidebarViewController.swift; sourceTree = "<group>"; };
		857437311B5DB29800044811 /* MenuViewController.swift */ = {isa = PBXFileReference; fileEncoding = 4; lastKnownFileType = sourcecode.swift; path = MenuViewController.swift; sourceTree = "<group>"; };
		857437331B5DB40F00044811 /* BayazineExtensions.swift */ = {isa = PBXFileReference; fileEncoding = 4; lastKnownFileType = sourcecode.swift; path = BayazineExtensions.swift; sourceTree = "<group>"; };
		857437371B5DB59D00044811 /* LifeStyleNewsListViewController.swift */ = {isa = PBXFileReference; fileEncoding = 4; lastKnownFileType = sourcecode.swift; path = LifeStyleNewsListViewController.swift; sourceTree = "<group>"; };
		857437391B5DBA6900044811 /* MenuCell.swift */ = {isa = PBXFileReference; fileEncoding = 4; lastKnownFileType = sourcecode.swift; path = MenuCell.swift; sourceTree = "<group>"; };
		8574373B1B5DBA7700044811 /* MenuCell.xib */ = {isa = PBXFileReference; fileEncoding = 4; lastKnownFileType = file.xib; path = MenuCell.xib; sourceTree = "<group>"; };
		8574376E1B5EC25600044811 /* Post.swift */ = {isa = PBXFileReference; fileEncoding = 4; lastKnownFileType = sourcecode.swift; path = Post.swift; sourceTree = "<group>"; };
		857437701B5ECAE300044811 /* Attachment.swift */ = {isa = PBXFileReference; fileEncoding = 4; lastKnownFileType = sourcecode.swift; path = Attachment.swift; sourceTree = "<group>"; };
		857437721B5ECB1800044811 /* Author.swift */ = {isa = PBXFileReference; fileEncoding = 4; lastKnownFileType = sourcecode.swift; path = Author.swift; sourceTree = "<group>"; };
		857437761B5EDBCB00044811 /* GradientView.swift */ = {isa = PBXFileReference; fileEncoding = 4; lastKnownFileType = sourcecode.swift; path = GradientView.swift; sourceTree = "<group>"; };
		857437781B5EDC1300044811 /* PostCell.swift */ = {isa = PBXFileReference; fileEncoding = 4; lastKnownFileType = sourcecode.swift; path = PostCell.swift; sourceTree = "<group>"; };
		8574377A1B5EDD0400044811 /* PostCell.xib */ = {isa = PBXFileReference; fileEncoding = 4; lastKnownFileType = file.xib; path = PostCell.xib; sourceTree = "<group>"; };
		8574377C1B5EE12E00044811 /* Baygazine-Bridging-Header.h */ = {isa = PBXFileReference; lastKnownFileType = sourcecode.c.h; path = "Baygazine-Bridging-Header.h"; sourceTree = "<group>"; };
		857437811B5F058300044811 /* PostDetailViewController.swift */ = {isa = PBXFileReference; fileEncoding = 4; lastKnownFileType = sourcecode.swift; path = PostDetailViewController.swift; sourceTree = "<group>"; };
		85E773FF1B5B40C7002CEB0E /* Baygazine.app */ = {isa = PBXFileReference; explicitFileType = wrapper.application; includeInIndex = 0; path = Baygazine.app; sourceTree = BUILT_PRODUCTS_DIR; };
		85E774031B5B40C7002CEB0E /* Info.plist */ = {isa = PBXFileReference; lastKnownFileType = text.plist.xml; path = Info.plist; sourceTree = "<group>"; };
		85E774041B5B40C7002CEB0E /* AppDelegate.swift */ = {isa = PBXFileReference; lastKnownFileType = sourcecode.swift; path = AppDelegate.swift; sourceTree = "<group>"; };
		85E774091B5B40C7002CEB0E /* Base */ = {isa = PBXFileReference; lastKnownFileType = file.storyboard; name = Base; path = Base.lproj/Main.storyboard; sourceTree = "<group>"; };
		85E7740B1B5B40C7002CEB0E /* Images.xcassets */ = {isa = PBXFileReference; lastKnownFileType = folder.assetcatalog; path = Images.xcassets; sourceTree = "<group>"; };
		85E7740E1B5B40C7002CEB0E /* Base */ = {isa = PBXFileReference; lastKnownFileType = file.xib; name = Base; path = Base.lproj/LaunchScreen.xib; sourceTree = "<group>"; };
		85E774141B5B40C7002CEB0E /* BaygazineTests.xctest */ = {isa = PBXFileReference; explicitFileType = wrapper.cfbundle; includeInIndex = 0; path = BaygazineTests.xctest; sourceTree = BUILT_PRODUCTS_DIR; };
		85E774191B5B40C7002CEB0E /* Info.plist */ = {isa = PBXFileReference; lastKnownFileType = text.plist.xml; path = Info.plist; sourceTree = "<group>"; };
		85E7741A1B5B40C7002CEB0E /* BaygazineTests.swift */ = {isa = PBXFileReference; lastKnownFileType = sourcecode.swift; path = BaygazineTests.swift; sourceTree = "<group>"; };
		8A0877D20C8F0CB4F813CCA2 /* Pods-Baygazine.release.xcconfig */ = {isa = PBXFileReference; includeInIndex = 1; lastKnownFileType = text.xcconfig; name = "Pods-Baygazine.release.xcconfig"; path = "Pods/Target Support Files/Pods-Baygazine/Pods-Baygazine.release.xcconfig"; sourceTree = "<group>"; };
		F66A2766D4FEFF8076211B07 /* Pods_Baygazine.framework */ = {isa = PBXFileReference; explicitFileType = wrapper.framework; includeInIndex = 0; path = Pods_Baygazine.framework; sourceTree = BUILT_PRODUCTS_DIR; };
/* End PBXFileReference section */

/* Begin PBXFrameworksBuildPhase section */
		85E773FC1B5B40C7002CEB0E /* Frameworks */ = {
			isa = PBXFrameworksBuildPhase;
			buildActionMask = 2147483647;
			files = (
				36822E0711ABEB28BA436630 /* Pods_Baygazine.framework in Frameworks */,
			);
			runOnlyForDeploymentPostprocessing = 0;
		};
		85E774111B5B40C7002CEB0E /* Frameworks */ = {
			isa = PBXFrameworksBuildPhase;
			buildActionMask = 2147483647;
			files = (
			);
			runOnlyForDeploymentPostprocessing = 0;
		};
/* End PBXFrameworksBuildPhase section */

/* Begin PBXGroup section */
		7B2BBAB1BA113FA729EBC5A1 /* Pods */ = {
			isa = PBXGroup;
			children = (
				4A59A422B96A2F047B8F1A18 /* Pods-Baygazine.debug.xcconfig */,
				8A0877D20C8F0CB4F813CCA2 /* Pods-Baygazine.release.xcconfig */,
			);
			name = Pods;
			sourceTree = "<group>";
		};
		857437741B5ECB6400044811 /* Model */ = {
			isa = PBXGroup;
			children = (
				8574376E1B5EC25600044811 /* Post.swift */,
				857437701B5ECAE300044811 /* Attachment.swift */,
				857437721B5ECB1800044811 /* Author.swift */,
			);
			name = Model;
			sourceTree = "<group>";
		};
		857437751B5EDBAE00044811 /* View */ = {
			isa = PBXGroup;
			children = (
				857437391B5DBA6900044811 /* MenuCell.swift */,
				8574373B1B5DBA7700044811 /* MenuCell.xib */,
				857437761B5EDBCB00044811 /* GradientView.swift */,
				857437781B5EDC1300044811 /* PostCell.swift */,
				8574377A1B5EDD0400044811 /* PostCell.xib */,
			);
			name = View;
			sourceTree = "<group>";
		};
		85E773F61B5B40C7002CEB0E = {
			isa = PBXGroup;
			children = (
				85E774011B5B40C7002CEB0E /* Baygazine */,
				85E774171B5B40C7002CEB0E /* BaygazineTests */,
				85E774001B5B40C7002CEB0E /* Products */,
				7B2BBAB1BA113FA729EBC5A1 /* Pods */,
				B3D662FAC1812C0AF07EF20A /* Frameworks */,
			);
			sourceTree = "<group>";
		};
		85E774001B5B40C7002CEB0E /* Products */ = {
			isa = PBXGroup;
			children = (
				85E773FF1B5B40C7002CEB0E /* Baygazine.app */,
				85E774141B5B40C7002CEB0E /* BaygazineTests.xctest */,
			);
			name = Products;
			sourceTree = "<group>";
		};
		85E774011B5B40C7002CEB0E /* Baygazine */ = {
			isa = PBXGroup;
			children = (
				85E774041B5B40C7002CEB0E /* AppDelegate.swift */,
				857437741B5ECB6400044811 /* Model */,
				857437751B5EDBAE00044811 /* View */,
				857437371B5DB59D00044811 /* LifeStyleNewsListViewController.swift */,
				857437811B5F058300044811 /* PostDetailViewController.swift */,
				8574372D1B5DA64300044811 /* SidebarViewController.swift */,
				857437311B5DB29800044811 /* MenuViewController.swift */,
				857437331B5DB40F00044811 /* BayazineExtensions.swift */,
				85E774081B5B40C7002CEB0E /* Main.storyboard */,
				85E7740B1B5B40C7002CEB0E /* Images.xcassets */,
				85E7740D1B5B40C7002CEB0E /* LaunchScreen.xib */,
				85E774021B5B40C7002CEB0E /* Supporting Files */,
				8574377C1B5EE12E00044811 /* Baygazine-Bridging-Header.h */,
			);
			path = Baygazine;
			sourceTree = "<group>";
		};
		85E774021B5B40C7002CEB0E /* Supporting Files */ = {
			isa = PBXGroup;
			children = (
				85E774031B5B40C7002CEB0E /* Info.plist */,
			);
			name = "Supporting Files";
			sourceTree = "<group>";
		};
		85E774171B5B40C7002CEB0E /* BaygazineTests */ = {
			isa = PBXGroup;
			children = (
				85E7741A1B5B40C7002CEB0E /* BaygazineTests.swift */,
				85E774181B5B40C7002CEB0E /* Supporting Files */,
			);
			path = BaygazineTests;
			sourceTree = "<group>";
		};
		85E774181B5B40C7002CEB0E /* Supporting Files */ = {
			isa = PBXGroup;
			children = (
				85E774191B5B40C7002CEB0E /* Info.plist */,
			);
			name = "Supporting Files";
			sourceTree = "<group>";
		};
		B3D662FAC1812C0AF07EF20A /* Frameworks */ = {
			isa = PBXGroup;
			children = (
				F66A2766D4FEFF8076211B07 /* Pods_Baygazine.framework */,
			);
			name = Frameworks;
			sourceTree = "<group>";
		};
/* End PBXGroup section */

/* Begin PBXNativeTarget section */
		85E773FE1B5B40C7002CEB0E /* Baygazine */ = {
			isa = PBXNativeTarget;
			buildConfigurationList = 85E7741E1B5B40C7002CEB0E /* Build configuration list for PBXNativeTarget "Baygazine" */;
			buildPhases = (
				E2820F74CAC612F582186B3F /* Check Pods Manifest.lock */,
				85E773FB1B5B40C7002CEB0E /* Sources */,
				85E773FC1B5B40C7002CEB0E /* Frameworks */,
				85E773FD1B5B40C7002CEB0E /* Resources */,
				9EFF1D3CDE487CB6AB83834D /* Copy Pods Resources */,
				AF6BFCB2B2F54A06CFF89724 /* Embed Pods Frameworks */,
			);
			buildRules = (
			);
			dependencies = (
			);
			name = Baygazine;
			productName = Baygazine;
			productReference = 85E773FF1B5B40C7002CEB0E /* Baygazine.app */;
			productType = "com.apple.product-type.application";
		};
		85E774131B5B40C7002CEB0E /* BaygazineTests */ = {
			isa = PBXNativeTarget;
			buildConfigurationList = 85E774211B5B40C7002CEB0E /* Build configuration list for PBXNativeTarget "BaygazineTests" */;
			buildPhases = (
				85E774101B5B40C7002CEB0E /* Sources */,
				85E774111B5B40C7002CEB0E /* Frameworks */,
				85E774121B5B40C7002CEB0E /* Resources */,
			);
			buildRules = (
			);
			dependencies = (
				85E774161B5B40C7002CEB0E /* PBXTargetDependency */,
			);
			name = BaygazineTests;
			productName = BaygazineTests;
			productReference = 85E774141B5B40C7002CEB0E /* BaygazineTests.xctest */;
			productType = "com.apple.product-type.bundle.unit-test";
		};
/* End PBXNativeTarget section */

/* Begin PBXProject section */
		85E773F71B5B40C7002CEB0E /* Project object */ = {
			isa = PBXProject;
			attributes = {
				LastUpgradeCheck = 0640;
				ORGANIZATIONNAME = "Ziyang Tan";
				TargetAttributes = {
					85E773FE1B5B40C7002CEB0E = {
						CreatedOnToolsVersion = 6.4;
					};
					85E774131B5B40C7002CEB0E = {
						CreatedOnToolsVersion = 6.4;
						TestTargetID = 85E773FE1B5B40C7002CEB0E;
					};
				};
			};
			buildConfigurationList = 85E773FA1B5B40C7002CEB0E /* Build configuration list for PBXProject "Baygazine" */;
			compatibilityVersion = "Xcode 3.2";
			developmentRegion = English;
			hasScannedForEncodings = 0;
			knownRegions = (
				en,
				Base,
			);
			mainGroup = 85E773F61B5B40C7002CEB0E;
			productRefGroup = 85E774001B5B40C7002CEB0E /* Products */;
			projectDirPath = "";
			projectRoot = "";
			targets = (
				85E773FE1B5B40C7002CEB0E /* Baygazine */,
				85E774131B5B40C7002CEB0E /* BaygazineTests */,
			);
		};
/* End PBXProject section */

/* Begin PBXResourcesBuildPhase section */
		85E773FD1B5B40C7002CEB0E /* Resources */ = {
			isa = PBXResourcesBuildPhase;
			buildActionMask = 2147483647;
			files = (
				85E7740A1B5B40C7002CEB0E /* Main.storyboard in Resources */,
				85E7740F1B5B40C7002CEB0E /* LaunchScreen.xib in Resources */,
				8574377B1B5EDD0400044811 /* PostCell.xib in Resources */,
				8574373C1B5DBA7700044811 /* MenuCell.xib in Resources */,
				85E7740C1B5B40C7002CEB0E /* Images.xcassets in Resources */,
			);
			runOnlyForDeploymentPostprocessing = 0;
		};
		85E774121B5B40C7002CEB0E /* Resources */ = {
			isa = PBXResourcesBuildPhase;
			buildActionMask = 2147483647;
			files = (
			);
			runOnlyForDeploymentPostprocessing = 0;
		};
/* End PBXResourcesBuildPhase section */

/* Begin PBXShellScriptBuildPhase section */
		9EFF1D3CDE487CB6AB83834D /* Copy Pods Resources */ = {
			isa = PBXShellScriptBuildPhase;
			buildActionMask = 2147483647;
			files = (
			);
			inputPaths = (
			);
			name = "Copy Pods Resources";
			outputPaths = (
			);
			runOnlyForDeploymentPostprocessing = 0;
			shellPath = /bin/sh;
			shellScript = "\"${SRCROOT}/Pods/Target Support Files/Pods-Baygazine/Pods-Baygazine-resources.sh\"\n";
			showEnvVarsInLog = 0;
		};
		AF6BFCB2B2F54A06CFF89724 /* Embed Pods Frameworks */ = {
			isa = PBXShellScriptBuildPhase;
			buildActionMask = 2147483647;
			files = (
			);
			inputPaths = (
			);
			name = "Embed Pods Frameworks";
			outputPaths = (
			);
			runOnlyForDeploymentPostprocessing = 0;
			shellPath = /bin/sh;
			shellScript = "\"${SRCROOT}/Pods/Target Support Files/Pods-Baygazine/Pods-Baygazine-frameworks.sh\"\n";
			showEnvVarsInLog = 0;
		};
		E2820F74CAC612F582186B3F /* Check Pods Manifest.lock */ = {
			isa = PBXShellScriptBuildPhase;
			buildActionMask = 2147483647;
			files = (
			);
			inputPaths = (
			);
			name = "Check Pods Manifest.lock";
			outputPaths = (
			);
			runOnlyForDeploymentPostprocessing = 0;
			shellPath = /bin/sh;
			shellScript = "diff \"${PODS_ROOT}/../Podfile.lock\" \"${PODS_ROOT}/Manifest.lock\" > /dev/null\nif [[ $? != 0 ]] ; then\n    cat << EOM\nerror: The sandbox is not in sync with the Podfile.lock. Run 'pod install' or update your CocoaPods installation.\nEOM\n    exit 1\nfi\n";
			showEnvVarsInLog = 0;
		};
/* End PBXShellScriptBuildPhase section */

/* Begin PBXSourcesBuildPhase section */
		85E773FB1B5B40C7002CEB0E /* Sources */ = {
			isa = PBXSourcesBuildPhase;
			buildActionMask = 2147483647;
			files = (
				8574372E1B5DA64300044811 /* SidebarViewController.swift in Sources */,
				857437821B5F058300044811 /* PostDetailViewController.swift in Sources */,
				85E774051B5B40C7002CEB0E /* AppDelegate.swift in Sources */,
				857437771B5EDBCB00044811 /* GradientView.swift in Sources */,
				8574373A1B5DBA6900044811 /* MenuCell.swift in Sources */,
				857437731B5ECB1800044811 /* Author.swift in Sources */,
				857437341B5DB40F00044811 /* BayazineExtensions.swift in Sources */,
				857437711B5ECAE300044811 /* Attachment.swift in Sources */,
				857437321B5DB29800044811 /* MenuViewController.swift in Sources */,
				857437791B5EDC1300044811 /* PostCell.swift in Sources */,
				8574376F1B5EC25600044811 /* Post.swift in Sources */,
				857437381B5DB59D00044811 /* LifeStyleNewsListViewController.swift in Sources */,
			);
			runOnlyForDeploymentPostprocessing = 0;
		};
		85E774101B5B40C7002CEB0E /* Sources */ = {
			isa = PBXSourcesBuildPhase;
			buildActionMask = 2147483647;
			files = (
				85E7741B1B5B40C7002CEB0E /* BaygazineTests.swift in Sources */,
			);
			runOnlyForDeploymentPostprocessing = 0;
		};
/* End PBXSourcesBuildPhase section */

/* Begin PBXTargetDependency section */
		85E774161B5B40C7002CEB0E /* PBXTargetDependency */ = {
			isa = PBXTargetDependency;
			target = 85E773FE1B5B40C7002CEB0E /* Baygazine */;
			targetProxy = 85E774151B5B40C7002CEB0E /* PBXContainerItemProxy */;
		};
/* End PBXTargetDependency section */

/* Begin PBXVariantGroup section */
		85E774081B5B40C7002CEB0E /* Main.storyboard */ = {
			isa = PBXVariantGroup;
			children = (
				85E774091B5B40C7002CEB0E /* Base */,
			);
			name = Main.storyboard;
			sourceTree = "<group>";
		};
		85E7740D1B5B40C7002CEB0E /* LaunchScreen.xib */ = {
			isa = PBXVariantGroup;
			children = (
				85E7740E1B5B40C7002CEB0E /* Base */,
			);
			name = LaunchScreen.xib;
			sourceTree = "<group>";
		};
/* End PBXVariantGroup section */

/* Begin XCBuildConfiguration section */
		85E7741C1B5B40C7002CEB0E /* Debug */ = {
			isa = XCBuildConfiguration;
			buildSettings = {
				ALWAYS_SEARCH_USER_PATHS = NO;
				CLANG_CXX_LANGUAGE_STANDARD = "gnu++0x";
				CLANG_CXX_LIBRARY = "libc++";
				CLANG_ENABLE_MODULES = YES;
				CLANG_ENABLE_OBJC_ARC = YES;
				CLANG_WARN_BOOL_CONVERSION = YES;
				CLANG_WARN_CONSTANT_CONVERSION = YES;
				CLANG_WARN_DIRECT_OBJC_ISA_USAGE = YES_ERROR;
				CLANG_WARN_EMPTY_BODY = YES;
				CLANG_WARN_ENUM_CONVERSION = YES;
				CLANG_WARN_INT_CONVERSION = YES;
				CLANG_WARN_OBJC_ROOT_CLASS = YES_ERROR;
				CLANG_WARN_UNREACHABLE_CODE = YES;
				CLANG_WARN__DUPLICATE_METHOD_MATCH = YES;
				"CODE_SIGN_IDENTITY[sdk=iphoneos*]" = "iPhone Developer";
				COPY_PHASE_STRIP = NO;
				DEBUG_INFORMATION_FORMAT = "dwarf-with-dsym";
				ENABLE_STRICT_OBJC_MSGSEND = YES;
				GCC_C_LANGUAGE_STANDARD = gnu99;
				GCC_DYNAMIC_NO_PIC = NO;
				GCC_NO_COMMON_BLOCKS = YES;
				GCC_OPTIMIZATION_LEVEL = 0;
				GCC_PREPROCESSOR_DEFINITIONS = (
					"DEBUG=1",
					"$(inherited)",
				);
				GCC_SYMBOLS_PRIVATE_EXTERN = NO;
				GCC_WARN_64_TO_32_BIT_CONVERSION = YES;
				GCC_WARN_ABOUT_RETURN_TYPE = YES_ERROR;
				GCC_WARN_UNDECLARED_SELECTOR = YES;
				GCC_WARN_UNINITIALIZED_AUTOS = YES_AGGRESSIVE;
				GCC_WARN_UNUSED_FUNCTION = YES;
				GCC_WARN_UNUSED_VARIABLE = YES;
				IPHONEOS_DEPLOYMENT_TARGET = 8.4;
				MTL_ENABLE_DEBUG_INFO = YES;
				ONLY_ACTIVE_ARCH = YES;
				SDKROOT = iphoneos;
				SWIFT_OPTIMIZATION_LEVEL = "-Onone";
			};
			name = Debug;
		};
		85E7741D1B5B40C7002CEB0E /* Release */ = {
			isa = XCBuildConfiguration;
			buildSettings = {
				ALWAYS_SEARCH_USER_PATHS = NO;
				CLANG_CXX_LANGUAGE_STANDARD = "gnu++0x";
				CLANG_CXX_LIBRARY = "libc++";
				CLANG_ENABLE_MODULES = YES;
				CLANG_ENABLE_OBJC_ARC = YES;
				CLANG_WARN_BOOL_CONVERSION = YES;
				CLANG_WARN_CONSTANT_CONVERSION = YES;
				CLANG_WARN_DIRECT_OBJC_ISA_USAGE = YES_ERROR;
				CLANG_WARN_EMPTY_BODY = YES;
				CLANG_WARN_ENUM_CONVERSION = YES;
				CLANG_WARN_INT_CONVERSION = YES;
				CLANG_WARN_OBJC_ROOT_CLASS = YES_ERROR;
				CLANG_WARN_UNREACHABLE_CODE = YES;
				CLANG_WARN__DUPLICATE_METHOD_MATCH = YES;
				"CODE_SIGN_IDENTITY[sdk=iphoneos*]" = "iPhone Developer";
				COPY_PHASE_STRIP = NO;
				DEBUG_INFORMATION_FORMAT = "dwarf-with-dsym";
				ENABLE_NS_ASSERTIONS = NO;
				ENABLE_STRICT_OBJC_MSGSEND = YES;
				GCC_C_LANGUAGE_STANDARD = gnu99;
				GCC_NO_COMMON_BLOCKS = YES;
				GCC_WARN_64_TO_32_BIT_CONVERSION = YES;
				GCC_WARN_ABOUT_RETURN_TYPE = YES_ERROR;
				GCC_WARN_UNDECLARED_SELECTOR = YES;
				GCC_WARN_UNINITIALIZED_AUTOS = YES_AGGRESSIVE;
				GCC_WARN_UNUSED_FUNCTION = YES;
				GCC_WARN_UNUSED_VARIABLE = YES;
				IPHONEOS_DEPLOYMENT_TARGET = 8.4;
				MTL_ENABLE_DEBUG_INFO = NO;
				SDKROOT = iphoneos;
				VALIDATE_PRODUCT = YES;
			};
			name = Release;
		};
		85E7741F1B5B40C7002CEB0E /* Debug */ = {
			isa = XCBuildConfiguration;
			baseConfigurationReference = 4A59A422B96A2F047B8F1A18 /* Pods-Baygazine.debug.xcconfig */;
			buildSettings = {
				ASSETCATALOG_COMPILER_APPICON_NAME = AppIcon;
				CLANG_ENABLE_MODULES = YES;
				INFOPLIST_FILE = Baygazine/Info.plist;
				LD_RUNPATH_SEARCH_PATHS = "$(inherited) @executable_path/Frameworks";
				PRODUCT_NAME = "$(TARGET_NAME)";
				SWIFT_OBJC_BRIDGING_HEADER = "Baygazine/Baygazine-Bridging-Header.h";
				SWIFT_OPTIMIZATION_LEVEL = "-Onone";
			};
			name = Debug;
		};
		85E774201B5B40C7002CEB0E /* Release */ = {
			isa = XCBuildConfiguration;
			baseConfigurationReference = 8A0877D20C8F0CB4F813CCA2 /* Pods-Baygazine.release.xcconfig */;
			buildSettings = {
				ASSETCATALOG_COMPILER_APPICON_NAME = AppIcon;
				CLANG_ENABLE_MODULES = YES;
				INFOPLIST_FILE = Baygazine/Info.plist;
				LD_RUNPATH_SEARCH_PATHS = "$(inherited) @executable_path/Frameworks";
				PRODUCT_NAME = "$(TARGET_NAME)";
				SWIFT_OBJC_BRIDGING_HEADER = "Baygazine/Baygazine-Bridging-Header.h";
			};
			name = Release;
		};
		85E774221B5B40C7002CEB0E /* Debug */ = {
			isa = XCBuildConfiguration;
			buildSettings = {
				BUNDLE_LOADER = "$(TEST_HOST)";
				FRAMEWORK_SEARCH_PATHS = (
					"$(SDKROOT)/Developer/Library/Frameworks",
					"$(inherited)",
				);
				GCC_PREPROCESSOR_DEFINITIONS = (
					"DEBUG=1",
					"$(inherited)",
				);
				INFOPLIST_FILE = BaygazineTests/Info.plist;
				LD_RUNPATH_SEARCH_PATHS = "$(inherited) @executable_path/Frameworks @loader_path/Frameworks";
				PRODUCT_NAME = "$(TARGET_NAME)";
				TEST_HOST = "$(BUILT_PRODUCTS_DIR)/Baygazine.app/Baygazine";
			};
			name = Debug;
		};
		85E774231B5B40C7002CEB0E /* Release */ = {
			isa = XCBuildConfiguration;
			buildSettings = {
				BUNDLE_LOADER = "$(TEST_HOST)";
				FRAMEWORK_SEARCH_PATHS = (
					"$(SDKROOT)/Developer/Library/Frameworks",
					"$(inherited)",
				);
				INFOPLIST_FILE = BaygazineTests/Info.plist;
				LD_RUNPATH_SEARCH_PATHS = "$(inherited) @executable_path/Frameworks @loader_path/Frameworks";
				PRODUCT_NAME = "$(TARGET_NAME)";
				TEST_HOST = "$(BUILT_PRODUCTS_DIR)/Baygazine.app/Baygazine";
			};
			name = Release;
		};
/* End XCBuildConfiguration section */

/* Begin XCConfigurationList section */
		85E773FA1B5B40C7002CEB0E /* Build configuration list for PBXProject "Baygazine" */ = {
			isa = XCConfigurationList;
			buildConfigurations = (
				85E7741C1B5B40C7002CEB0E /* Debug */,
				85E7741D1B5B40C7002CEB0E /* Release */,
			);
			defaultConfigurationIsVisible = 0;
			defaultConfigurationName = Release;
		};
		85E7741E1B5B40C7002CEB0E /* Build configuration list for PBXNativeTarget "Baygazine" */ = {
			isa = XCConfigurationList;
			buildConfigurations = (
				85E7741F1B5B40C7002CEB0E /* Debug */,
				85E774201B5B40C7002CEB0E /* Release */,
			);
			defaultConfigurationIsVisible = 0;
			defaultConfigurationName = Release;
		};
		85E774211B5B40C7002CEB0E /* Build configuration list for PBXNativeTarget "BaygazineTests" */ = {
			isa = XCConfigurationList;
			buildConfigurations = (
				85E774221B5B40C7002CEB0E /* Debug */,
				85E774231B5B40C7002CEB0E /* Release */,
			);
			defaultConfigurationIsVisible = 0;
			defaultConfigurationName = Release;
		};
/* End XCConfigurationList section */
	};
	rootObject = 85E773F71B5B40C7002CEB0E /* Project object */;
}
